
Microsoft Visual Studio Solution File, Format Version 12.00
# Visual Studio Version 16
VisualStudioVersion = 16.0.31410.357
MinimumVisualStudioVersion = 10.0.40219.1
Project("{9A19103F-16F7-4668-BE54-9A1E7A4F7556}") = "GlowAutomation", "GlowAutomation\GlowAutomation.csproj", "{C5211A46-F5E2-47E4-9BF4-657032475B2A}"
EndProject
Global
	GlobalSection(SolutionConfigurationPlatforms) = preSolution
		Debug|Any CPU = Debug|Any CPU
		Release|Any CPU = Release|Any CPU
	EndGlobalSection
	GlobalSection(ProjectConfigurationPlatforms) = postSolution
		{C5211A46-F5E2-47E4-9BF4-657032475B2A}.Debug|Any CPU.ActiveCfg = Debug|Any CPU
		{C5211A46-F5E2-47E4-9BF4-657032475B2A}.Debug|Any CPU.Build.0 = Debug|Any CPU
		{C5211A46-F5E2-47E4-9BF4-657032475B2A}.Release|Any CPU.ActiveCfg = Release|Any CPU
		{C5211A46-F5E2-47E4-9BF4-657032475B2A}.Release|Any CPU.Build.0 = Release|Any CPU
	EndGlobalSection
	GlobalSection(SolutionProperties) = preSolution
		HideSolutionNode = FALSE
	EndGlobalSection
	GlobalSection(ExtensibilityGlobals) = postSolution
		SolutionGuid = {AA530793-72FE-440E-93DE-D73F8BB3509D}
	EndGlobalSection
EndGlobal
